
Microsoft Visual Studio Solution File, Format Version 12.00
# Visual Studio Version 16
VisualStudioVersion = 16.0.31129.286
MinimumVisualStudioVersion = 10.0.40219.1
Project("{FAE04EC0-301F-11D3-BF4B-00C04F79EFBC}") = "PaintProject", "PaintProject\PaintProject.csproj", "{00495582-A660-4BFD-9157-CEA067ED5492}"
EndProject
Global
	GlobalSection(SolutionConfigurationPlatforms) = preSolution
		Debug|Any CPU = Debug|Any CPU
		Release|Any CPU = Release|Any CPU
	EndGlobalSection
	GlobalSection(ProjectConfigurationPlatforms) = postSolution
		{00495582-A660-4BFD-9157-CEA067ED5492}.Debug|Any CPU.ActiveCfg = Debug|Any CPU
		{00495582-A660-4BFD-9157-CEA067ED5492}.Debug|Any CPU.Build.0 = Debug|Any CPU
		{00495582-A660-4BFD-9157-CEA067ED5492}.Release|Any CPU.ActiveCfg = Release|Any CPU
		{00495582-A660-4BFD-9157-CEA067ED5492}.Release|Any CPU.Build.0 = Release|Any CPU
	EndGlobalSection
	GlobalSection(SolutionProperties) = preSolution
		HideSolutionNode = FALSE
	EndGlobalSection
	GlobalSection(ExtensibilityGlobals) = postSolution
		SolutionGuid = {5FF81B76-3879-440C-A6AE-46DFDDE17B2E}
	EndGlobalSection
EndGlobal
